
Microsoft Visual Studio Solution File, Format Version 12.00
# Visual Studio Version 17
VisualStudioVersion = 17.3.32929.385
MinimumVisualStudioVersion = 10.0.40219.1
Project("{FAE04EC0-301F-11D3-BF4B-00C04F79EFBC}") = "FifaTrackerServer", "FifaTrackerServer\FifaTrackerServer.csproj", "{AED2A41F-F946-46DB-B2C2-6FE62095B8DB}"
EndProject
Global
	GlobalSection(SolutionConfigurationPlatforms) = preSolution
		Debug|Any CPU = Debug|Any CPU
		Release|Any CPU = Release|Any CPU
	EndGlobalSection
	GlobalSection(ProjectConfigurationPlatforms) = postSolution
		{AED2A41F-F946-46DB-B2C2-6FE62095B8DB}.Debug|Any CPU.ActiveCfg = Debug|Any CPU
		{AED2A41F-F946-46DB-B2C2-6FE62095B8DB}.Debug|Any CPU.Build.0 = Debug|Any CPU
		{AED2A41F-F946-46DB-B2C2-6FE62095B8DB}.Release|Any CPU.ActiveCfg = Release|Any CPU
		{AED2A41F-F946-46DB-B2C2-6FE62095B8DB}.Release|Any CPU.Build.0 = Release|Any CPU
	EndGlobalSection
	GlobalSection(SolutionProperties) = preSolution
		HideSolutionNode = FALSE
	EndGlobalSection
	GlobalSection(ExtensibilityGlobals) = postSolution
		SolutionGuid = {A1440547-BD7A-4AD2-85CD-757CC3D08213}
	EndGlobalSection
EndGlobal
